
Microsoft Visual Studio Solution File, Format Version 12.00
# Visual Studio Version 16
VisualStudioVersion = 16.0.31702.278
MinimumVisualStudioVersion = 10.0.40219.1
Project("{FAE04EC0-301F-11D3-BF4B-00C04F79EFBC}") = "Homework_1_Task_1.3", "Homework_1_Task_1.3\Homework_1_Task_1.3.csproj", "{2A7D5030-E9A1-44E3-8BA1-16910687C9B9}"
EndProject
Global
	GlobalSection(SolutionConfigurationPlatforms) = preSolution
		Debug|Any CPU = Debug|Any CPU
		Release|Any CPU = Release|Any CPU
	EndGlobalSection
	GlobalSection(ProjectConfigurationPlatforms) = postSolution
		{2A7D5030-E9A1-44E3-8BA1-16910687C9B9}.Debug|Any CPU.ActiveCfg = Debug|Any CPU
		{2A7D5030-E9A1-44E3-8BA1-16910687C9B9}.Debug|Any CPU.Build.0 = Debug|Any CPU
		{2A7D5030-E9A1-44E3-8BA1-16910687C9B9}.Release|Any CPU.ActiveCfg = Release|Any CPU
		{2A7D5030-E9A1-44E3-8BA1-16910687C9B9}.Release|Any CPU.Build.0 = Release|Any CPU
	EndGlobalSection
	GlobalSection(SolutionProperties) = preSolution
		HideSolutionNode = FALSE
	EndGlobalSection
	GlobalSection(ExtensibilityGlobals) = postSolution
		SolutionGuid = {F30AFAAF-2669-4FCD-A334-9CEE68714494}
	EndGlobalSection
EndGlobal
